
Microsoft Visual Studio Solution File, Format Version 12.00
Project("{FAE04EC0-301F-11D3-BF4B-00C04F79EFBC}") = "Fortune.Bot", "Fortune.Bot\Fortune.Bot.csproj", "{9697EA41-4355-4042-94D5-714F1BCDC8BE}"
EndProject
Project("{2150E333-8FDC-42A3-9474-1A3956D46DE8}") = "Solution Items", "Solution Items", "{B4875087-AD31-416F-BAB8-BBA8A1ED9229}"
	ProjectSection(SolutionItems) = preProject
		docker-compose.yml = docker-compose.yml
	EndProjectSection
EndProject
Global
	GlobalSection(SolutionConfigurationPlatforms) = preSolution
		Debug|Any CPU = Debug|Any CPU
		Release|Any CPU = Release|Any CPU
	EndGlobalSection
	GlobalSection(ProjectConfigurationPlatforms) = postSolution
		{9697EA41-4355-4042-94D5-714F1BCDC8BE}.Debug|Any CPU.ActiveCfg = Debug|Any CPU
		{9697EA41-4355-4042-94D5-714F1BCDC8BE}.Debug|Any CPU.Build.0 = Debug|Any CPU
		{9697EA41-4355-4042-94D5-714F1BCDC8BE}.Release|Any CPU.ActiveCfg = Release|Any CPU
		{9697EA41-4355-4042-94D5-714F1BCDC8BE}.Release|Any CPU.Build.0 = Release|Any CPU
	EndGlobalSection
EndGlobal
